# This file is automatically @generated by Poetry 1.6.1 and should not be changed by hand.

[[package]]
name = "bibtexparser"
version = "2.0.0b7"
description = "Bibtex parser for python 3"
optional = false
python-versions = "*"
files = [
    {file = "bibtexparser-2.0.0b7-py3-none-any.whl", hash = "sha256:1f4ac78cc6fbfdcc7ce432105fef127688c78ce60324363955fc11feb32964cd"},
    {file = "bibtexparser-2.0.0b7.tar.gz", hash = "sha256:9e0034dd16e1961fbc895b108f49bdef6f988b5d48782b62c9492ee8a281efad"},
]

[package.dependencies]
pylatexenc = ">=2.10"

[package.extras]
docs = ["sphinx"]
lint = ["black (==23.3.0)", "docstr-coverage (==2.2.0)", "isort (==5.12.0)"]
test = ["jupyter", "pytest", "pytest-cov", "pytest-xdist"]

[[package]]
name = "dawg-python"
version = "0.7.2"
description = "Pure-python reader for DAWGs (DAFSAs) created by dawgdic C++ library or DAWG Python extension."
optional = false
python-versions = "*"
files = [
    {file = "DAWG-Python-0.7.2.tar.gz", hash = "sha256:4a5e3286e6261cca02f205cfd5516a7ab10190fa30c51c28d345808f595e3421"},
    {file = "DAWG_Python-0.7.2-py2.py3-none-any.whl", hash = "sha256:4941d5df081b8d6fcb4597e073a9f60d5c1ccc9d17cd733e8744d7ecfec94ef3"},
]

[[package]]
name = "pylatexenc"
version = "2.10"
description = "Simple LaTeX parser providing latex-to-unicode and unicode-to-latex conversion"
optional = false
python-versions = "*"
files = [
    {file = "pylatexenc-2.10.tar.gz", hash = "sha256:3dd8fd84eb46dc30bee1e23eaab8d8fb5a7f507347b23e5f38ad9675c84f40d3"},
]

[[package]]
name = "pymorphy3"
version = "2.0.1"
description = "Morphological analyzer (POS tagger + inflection engine) for Russian language."
optional = false
python-versions = "*"
files = [
    {file = "pymorphy3-2.0.1-py3-none-any.whl", hash = "sha256:4867cb38e67408c86b9a5c9cf510a954bcbef4a6cc647271378f42a839379195"},
    {file = "pymorphy3-2.0.1.tar.gz", hash = "sha256:a34063409b863fdf00fac22e5d608d20f535445b246712e633aa4d8d2c659571"},
]

[package.dependencies]
dawg-python = ">=0.7.1"
pymorphy3-dicts-ru = "*"
setuptools = {version = ">=68.2.2", markers = "python_version >= \"3.12\""}

[package.extras]
cli = ["click"]
fast = ["DAWG (>=0.8)"]

[[package]]
name = "pymorphy3-dicts-ru"
version = "2.4.417150.4580142"
description = "Russian dictionaries for pymorphy2"
optional = false
python-versions = "*"
files = [
    {file = "pymorphy3-dicts-ru-2.4.417150.4580142.tar.gz", hash = "sha256:39ab379d4ca905bafed50f5afc3a3de6f9643605776fbcabc4d3088d4ed382b0"},
    {file = "pymorphy3_dicts_ru-2.4.417150.4580142-py2.py3-none-any.whl", hash = "sha256:718bac64c73c10c16073a199402657283d9b64c04188b694f6d3e9b0d85440f4"},
]

[[package]]
name = "setuptools"
version = "69.5.1"
description = "Easily download, build, install, upgrade, and uninstall Python packages"
optional = false
python-versions = ">=3.8"
files = [
    {file = "setuptools-69.5.1-py3-none-any.whl", hash = "sha256:c636ac361bc47580504644275c9ad802c50415c7522212252c033bd15f301f32"},
    {file = "setuptools-69.5.1.tar.gz", hash = "sha256:6c1fccdac05a97e598fb0ae3bbed5904ccb317337a51139dcd51453611bbb987"},
]

[package.extras]
docs = ["furo", "jaraco.packaging (>=9.3)", "jaraco.tidelift (>=1.4)", "pygments-github-lexers (==0.0.5)", "rst.linker (>=1.9)", "sphinx (>=3.5)", "sphinx-favicon", "sphinx-inline-tabs", "sphinx-lint", "sphinx-notfound-page (>=1,<2)", "sphinx-reredirects", "sphinxcontrib-towncrier"]
testing = ["build[virtualenv]", "filelock (>=3.4.0)", "importlib-metadata", "ini2toml[lite] (>=0.9)", "jaraco.develop (>=7.21)", "jaraco.envs (>=2.2)", "jaraco.path (>=3.2.0)", "mypy (==1.9)", "packaging (>=23.2)", "pip (>=19.1)", "pytest (>=6,!=8.1.1)", "pytest-checkdocs (>=2.4)", "pytest-cov", "pytest-enabler (>=2.2)", "pytest-home (>=0.5)", "pytest-mypy", "pytest-perf", "pytest-ruff (>=0.2.1)", "pytest-timeout", "pytest-xdist (>=3)", "tomli", "tomli-w (>=1.0.0)", "virtualenv (>=13.0.0)", "wheel"]
testing-integration = ["build[virtualenv] (>=1.0.3)", "filelock (>=3.4.0)", "jaraco.envs (>=2.2)", "jaraco.path (>=3.2.0)", "packaging (>=23.2)", "pytest", "pytest-enabler", "pytest-xdist", "tomli", "virtualenv (>=13.0.0)", "wheel"]

[metadata]
lock-version = "2.0"
python-versions = "^3.11"
content-hash = "a3133517c20b6749d8eb608d0d195f1944566956e12c1191af82e4a9362beccd"
